
Microsoft Visual Studio Solution File, Format Version 12.00
# Visual Studio Express 2012 for Windows Desktop
Project("{F184B08F-C81C-45F6-A57F-5ABD9991F28F}") = "knight rider", "knight rider\knight rider.vbproj", "{0D033C0A-F595-4316-8D3A-F6C289D2599A}"
EndProject
Global
	GlobalSection(SolutionConfigurationPlatforms) = preSolution
		Debug|Any CPU = Debug|Any CPU
		Release|Any CPU = Release|Any CPU
	EndGlobalSection
	GlobalSection(ProjectConfigurationPlatforms) = postSolution
		{0D033C0A-F595-4316-8D3A-F6C289D2599A}.Debug|Any CPU.ActiveCfg = Debug|Any CPU
		{0D033C0A-F595-4316-8D3A-F6C289D2599A}.Debug|Any CPU.Build.0 = Debug|Any CPU
		{0D033C0A-F595-4316-8D3A-F6C289D2599A}.Release|Any CPU.ActiveCfg = Release|Any CPU
		{0D033C0A-F595-4316-8D3A-F6C289D2599A}.Release|Any CPU.Build.0 = Release|Any CPU
	EndGlobalSection
	GlobalSection(SolutionProperties) = preSolution
		HideSolutionNode = FALSE
	EndGlobalSection
EndGlobal
